
Microsoft Visual Studio Solution File, Format Version 12.00
# Visual Studio Version 16
VisualStudioVersion = 16.0.30621.155
MinimumVisualStudioVersion = 10.0.40219.1
Project("{888888A0-9F3D-457C-B088-3A5042F75D52}") = "LeapYear", "LeapYear\LeapYear.pyproj", "{277E9C85-9F8E-4EE4-A36A-DE5A32FD9035}"
EndProject
Global
	GlobalSection(SolutionConfigurationPlatforms) = preSolution
		Debug|Any CPU = Debug|Any CPU
		Release|Any CPU = Release|Any CPU
	EndGlobalSection
	GlobalSection(ProjectConfigurationPlatforms) = postSolution
		{277E9C85-9F8E-4EE4-A36A-DE5A32FD9035}.Debug|Any CPU.ActiveCfg = Debug|Any CPU
		{277E9C85-9F8E-4EE4-A36A-DE5A32FD9035}.Release|Any CPU.ActiveCfg = Release|Any CPU
	EndGlobalSection
	GlobalSection(SolutionProperties) = preSolution
		HideSolutionNode = FALSE
	EndGlobalSection
	GlobalSection(ExtensibilityGlobals) = postSolution
		SolutionGuid = {F689C24E-7585-4A74-AD88-1EA1BF95F8A4}
	EndGlobalSection
EndGlobal
